version = 1
revision = 3
requires-python = ">=3.11"
resolution-markers = [
    "python_full_version >= '3.12'",
    "python_full_version < '3.12'",
]

[[package]]
name = "amqp"
version = "5.3.1"
source = { registry = "https://pypi.org/simple" }
dependencies = [
    { name = "vine" },
]
sdist = { url = "https://files.pythonhosted.org/packages/79/fc/ec94a357dfc6683d8c86f8b4cfa5416a4c36b28052ec8260c77aca96a443/amqp-5.3.1.tar.gz", hash = "sha256:cddc00c725449522023bad949f70fff7b48f0b1ade74d170a6f10ab044739432", size = 129013, upload-time = "2024-11-12T19:55:44.051Z" }
wheels = [
    { url = "https://files.pythonhosted.org/packages/26/99/fc813cd978842c26c82534010ea849eee9ab3a13ea2b74e95cb9c99e747b/amqp-5.3.1-py3-none-any.whl", hash = "sha256:43b3319e1b4e7d1251833a93d672b4af1e40f3d632d479b98661a95f117880a2", size = 50944, upload-time = "2024-11-12T19:55:41.782Z" },
]

[[package]]
name = "asgiref"
version = "3.11.1"
source = { registry = "https://pypi.org/simple" }
sdist = { url = "https://files.pythonhosted.org/packages/63/40/f03da1264ae8f7cfdbf9146542e5e7e8100a4c66ab48e791df9a03d3f6c0/asgiref-3.11.1.tar.gz", hash = "sha256:5f184dc43b7e763efe848065441eac62229c9f7b0475f41f80e207a114eda4ce", size = 38550, upload-time = "2026-02-03T13:30:14.33Z" }
wheels = [
    { url = "https://files.pythonhosted.org/packages/5c/0a/a72d10ed65068e115044937873362e6e32fab1b7dce0046aeb224682c989/asgiref-3.11.1-py3-none-any.whl", hash = "sha256:e8667a091e69529631969fd45dc268fa79b99c92c5fcdda727757e52146ec133", size = 24345, upload-time = "2026-02-03T13:30:13.039Z" },
]

[[package]]
name = "async-timeout"
version = "5.0.1"
source = { registry = "https://pypi.org/simple" }
sdist = { url = "https://files.pythonhosted.org/packages/a5/ae/136395dfbfe00dfc94da3f3e136d0b13f394cba8f4841120e34226265780/async_timeout-5.0.1.tar.gz", hash = "sha256:d9321a7a3d5a6a5e187e824d2fa0793ce379a202935782d555d6e9d2735677d3", size = 9274, upload-time = "2024-11-06T16:41:39.6Z" }
wheels = [
    { url = "https://files.pythonhosted.org/packages/fe/ba/e2081de779ca30d473f21f5b30e0e737c438205440784c7dfc81efc2b029/async_timeout-5.0.1-py3-none-any.whl", hash = "sha256:39e3809566ff85354557ec2398b55e096c8364bacac9405a7a1fa429e77fe76c", size = 6233, upload-time = "2024-11-06T16:41:37.9Z" },
]

[[package]]
name = "attribu-logistics"
version = "0.1.0"
source = { virtual = "." }
dependencies = [
    { name = "celery" },
    { name = "django", version = "5.2.13", source = { registry = "https://pypi.org/simple" }, marker = "python_full_version < '3.12'" },
    { name = "django", version = "6.0.4", source = { registry = "https://pypi.org/simple" }, marker = "python_full_version >= '3.12'" },
    { name = "djangorestframework" },
    { name = "gunicorn" },
    { name = "psycopg2-binary" },
    { name = "python-decouple" },
    { name = "redis" },
    { name = "whitenoise" },
]

[package.dev-dependencies]
dev = [
    { name = "django-debug-toolbar" },
]

[package.metadata]
requires-dist = [
    { name = "celery", specifier = ">=5.6.3" },
    { name = "django", specifier = ">=5.2.13" },
    { name = "djangorestframework", specifier = ">=3.17.1" },
    { name = "gunicorn", specifier = ">=25.3.0" },
    { name = "psycopg2-binary", specifier = ">=2.9.12" },
    { name = "python-decouple", specifier = ">=3.8" },
    { name = "redis", specifier = ">=7.4.0" },
    { name = "whitenoise", specifier = ">=6.12.0" },
]

[package.metadata.requires-dev]
dev = [{ name = "django-debug-toolbar", specifier = ">=6.3.0" }]

[[package]]
name = "billiard"
version = "4.2.4"
source = { registry = "https://pypi.org/simple" }
sdist = { url = "https://files.pythonhosted.org/packages/58/23/b12ac0bcdfb7360d664f40a00b1bda139cbbbced012c34e375506dbd0143/billiard-4.2.4.tar.gz", hash = "sha256:55f542c371209e03cd5862299b74e52e4fbcba8250ba611ad94276b369b6a85f", size = 156537, upload-time = "2025-11-30T13:28:48.52Z" }
wheels = [
    { url = "https://files.pythonhosted.org/packages/cb/87/8bab77b323f16d67be364031220069f79159117dd5e43eeb4be2fef1ac9b/billiard-4.2.4-py3-none-any.whl", hash = "sha256:525b42bdec68d2b983347ac312f892db930858495db601b5836ac24e6477cde5", size = 87070, upload-time = "2025-11-30T13:28:47.016Z" },
]

[[package]]
name = "celery"
version = "5.6.3"
source = { registry = "https://pypi.org/simple" }
dependencies = [
    { name = "billiard" },
    { name = "click" },
    { name = "click-didyoumean" },
    { name = "click-plugins" },
    { name = "click-repl" },
    { name = "kombu" },
    { name = "python-dateutil" },
    { name = "tzlocal" },
    { name = "vine" },
]
sdist = { url = "https://files.pythonhosted.org/packages/e8/b4/a1233943ab5c8ea05fb877a88a0a0622bf47444b99e4991a8045ac37ea1d/celery-5.6.3.tar.gz", hash = "sha256:177006bd2054b882e9f01be59abd8529e88879ef50d7918a7050c5a9f4e12912", size = 1742243, upload-time = "2026-03-26T12:14:51.76Z" }
wheels = [
    { url = "https://files.pythonhosted.org/packages/cf/c9/6eccdda96e098f7ae843162db2d3c149c6931a24fda69fe4ab84d0027eb5/celery-5.6.3-py3-none-any.whl", hash = "sha256:0808f42f80909c4d5833202360ffafb2a4f83f4d8e23e1285d926610e9a7afa6", size = 451235, upload-time = "2026-03-26T12:14:49.491Z" },
]

[[package]]
name = "click"
version = "8.3.3"
source = { registry = "https://pypi.org/simple" }
dependencies = [
    { name = "colorama", marker = "sys_platform == 'win32'" },
]
sdist = { url = "https://files.pythonhosted.org/packages/bb/63/f9e1ea081ce35720d8b92acde70daaedace594dc93b693c869e0d5910718/click-8.3.3.tar.gz", hash = "sha256:398329ad4837b2ff7cbe1dd166a4c0f8900c3ca3a218de04466f38f6497f18a2", size = 328061, upload-time = "2026-04-22T15:11:27.506Z" }
wheels = [
    { url = "https://files.pythonhosted.org/packages/ae/44/c1221527f6a71a01ec6fbad7fa78f1d50dfa02217385cf0fa3eec7087d59/click-8.3.3-py3-none-any.whl", hash = "sha256:a2bf429bb3033c89fa4936ffb35d5cb471e3719e1f3c8a7c3fff0b8314305613", size = 110502, upload-time = "2026-04-22T15:11:25.044Z" },
]

[[package]]
name = "click-didyoumean"
version = "0.3.1"
source = { registry = "https://pypi.org/simple" }
dependencies = [
    { name = "click" },
]
sdist = { url = "https://files.pythonhosted.org/packages/30/ce/217289b77c590ea1e7c24242d9ddd6e249e52c795ff10fac2c50062c48cb/click_didyoumean-0.3.1.tar.gz", hash = "sha256:4f82fdff0dbe64ef8ab2279bd6aa3f6a99c3b28c05aa09cbfc07c9d7fbb5a463", size = 3089, upload-time = "2024-03-24T08:22:07.499Z" }
wheels = [
    { url = "https://files.pythonhosted.org/packages/1b/5b/974430b5ffdb7a4f1941d13d83c64a0395114503cc357c6b9ae4ce5047ed/click_didyoumean-0.3.1-py3-none-any.whl", hash = "sha256:5c4bb6007cfea5f2fd6583a2fb6701a22a41eb98957e63d0fac41c10e7c3117c", size = 3631, upload-time = "2024-03-24T08:22:06.356Z" },
]

[[package]]
name = "click-plugins"
version = "1.1.1.2"
source = { registry = "https://pypi.org/simple" }
dependencies = [
    { name = "click" },
]
sdist = { url = "https://files.pythonhosted.org/packages/c3/a4/34847b59150da33690a36da3681d6bbc2ec14ee9a846bc30a6746e5984e4/click_plugins-1.1.1.2.tar.gz", hash = "sha256:d7af3984a99d243c131aa1a828331e7630f4a88a9741fd05c927b204bcf92261", size = 8343, upload-time = "2025-06-25T00:47:37.555Z" }
wheels = [
    { url = "https://files.pythonhosted.org/packages/3d/9a/2abecb28ae875e39c8cad711eb1186d8d14eab564705325e77e4e6ab9ae5/click_plugins-1.1.1.2-py2.py3-none-any.whl", hash = "sha256:008d65743833ffc1f5417bf0e78e8d2c23aab04d9745ba817bd3e71b0feb6aa6", size = 11051, upload-time = "2025-06-25T00:47:36.731Z" },
]

[[package]]
name = "click-repl"
version = "0.3.0"
source = { registry = "https://pypi.org/simple" }
dependencies = [
    { name = "click" },
    { name = "prompt-toolkit" },
]
sdist = { url = "https://files.pythonhosted.org/packages/cb/a2/57f4ac79838cfae6912f997b4d1a64a858fb0c86d7fcaae6f7b58d267fca/click-repl-0.3.0.tar.gz", hash = "sha256:17849c23dba3d667247dc4defe1757fff98694e90fe37474f3feebb69ced26a9", size = 10449, upload-time = "2023-06-15T12:43:51.141Z" }
wheels = [
    { url = "https://files.pythonhosted.org/packages/52/40/9d857001228658f0d59e97ebd4c346fe73e138c6de1bce61dc568a57c7f8/click_repl-0.3.0-py3-none-any.whl", hash = "sha256:fb7e06deb8da8de86180a33a9da97ac316751c094c6899382da7feeeeb51b812", size = 10289, upload-time = "2023-06-15T12:43:48.626Z" },
]

[[package]]
name = "colorama"
version = "0.4.6"
source = { registry = "https://pypi.org/simple" }
sdist = { url = "https://files.pythonhosted.org/packages/d8/53/6f443c9a4a8358a93a6792e2acffb9d9d5cb0a5cfd8802644b7b1c9a02e4/colorama-0.4.6.tar.gz", hash = "sha256:08695f5cb7ed6e0531a20572697297273c47b8cae5a63ffc6d6ed5c201be6e44", size = 27697, upload-time = "2022-10-25T02:36:22.414Z" }
wheels = [
    { url = "https://files.pythonhosted.org/packages/d1/d6/3965ed04c63042e047cb6a3e6ed1a63a35087b6a609aa3a15ed8ac56c221/colorama-0.4.6-py2.py3-none-any.whl", hash = "sha256:4f1d9991f5acc0ca119f9d443620b77f9d6b33703e51011c16baf57afb285fc6", size = 25335, upload-time = "2022-10-25T02:36:20.889Z" },
]

[[package]]
name = "django"
version = "5.2.13"
source = { registry = "https://pypi.org/simple" }
resolution-markers = [
    "python_full_version < '3.12'",
]
dependencies = [
    { name = "asgiref", marker = "python_full_version < '3.12'" },
    { name = "sqlparse", marker = "python_full_version < '3.12'" },
    { name = "tzdata", marker = "python_full_version < '3.12' and sys_platform == 'win32'" },
]
sdist = { url = "https://files.pythonhosted.org/packages/1f/c5/c69e338eb2959f641045802e5ea87ca4bf5ac90c5fd08953ca10742fad51/django-5.2.13.tar.gz", hash = "sha256:a31589db5188d074c63f0945c3888fad104627dfcc236fb2b97f71f89da33bc4", size = 10890368, upload-time = "2026-04-07T14:02:15.072Z" }
wheels = [
    { url = "https://files.pythonhosted.org/packages/59/b1/51ab36b2eefcf8cdb9338c7188668a157e29e30306bfc98a379704c9e10d/django-5.2.13-py3-none-any.whl", hash = "sha256:5788fce61da23788a8ce6f02583765ab060d396720924789f97fa42119d37f7a", size = 8310982, upload-time = "2026-04-07T14:02:08.883Z" },
]

[[package]]
name = "django"
version = "6.0.4"
source = { registry = "https://pypi.org/simple" }
resolution-markers = [
    "python_full_version >= '3.12'",
]
dependencies = [
    { name = "asgiref", marker = "python_full_version >= '3.12'" },
    { name = "sqlparse", marker = "python_full_version >= '3.12'" },
    { name = "tzdata", marker = "python_full_version >= '3.12' and sys_platform == 'win32'" },
]
sdist = { url = "https://files.pythonhosted.org/packages/60/b9/4155091ad1788b38563bd77a7258c0834e8c12a7f56f6975deaf54f8b61d/django-6.0.4.tar.gz", hash = "sha256:8cfa2572b3f2768b2e84983cf3c4811877a01edb64e817986ec5d60751c113ac", size = 10907407, upload-time = "2026-04-07T13:55:44.961Z" }
wheels = [
    { url = "https://files.pythonhosted.org/packages/e9/47/3d61d611609764aa71a37f7037b870e7bfb22937366974c4fd46cada7bab/django-6.0.4-py3-none-any.whl", hash = "sha256:14359c809fc16e8f81fd2b59d7d348e4d2d799da6840b10522b6edf7b8afc1da", size = 8368342, upload-time = "2026-04-07T13:55:37.999Z" },
]

[[package]]
name = "django-debug-toolbar"
version = "6.3.0"
source = { registry = "https://pypi.org/simple" }
dependencies = [
    { name = "django", version = "5.2.13", source = { registry = "https://pypi.org/simple" }, marker = "python_full_version < '3.12'" },
    { name = "django", version = "6.0.4", source = { registry = "https://pypi.org/simple" }, marker = "python_full_version >= '3.12'" },
    { name = "sqlparse" },
]
sdist = { url = "https://files.pythonhosted.org/packages/d8/ea/b62673424dd72d2dbf5adf4145281a421d5792f47380d9bc8e3b11e1a769/django_debug_toolbar-6.3.0.tar.gz", hash = "sha256:f830a86fe02e17f625a22cfbed24a5bd1500762e201ec959c50efb0f9327282b", size = 334079, upload-time = "2026-04-02T16:07:01.385Z" }
wheels = [
    { url = "https://files.pythonhosted.org/packages/7d/9e/d8c3c845f4b5ccac7377c19f4049e7e00c6f121846a81f69a497b45734df/django_debug_toolbar-6.3.0-py3-none-any.whl", hash = "sha256:a199ce3d0f884739a9096835ad417479fede05f3b3c4824bc8b354721ba8f629", size = 298304, upload-time = "2026-04-02T16:06:59.617Z" },
]

[[package]]
name = "djangorestframework"
version = "3.17.1"
source = { registry = "https://pypi.org/simple" }
dependencies = [
    { name = "django", version = "5.2.13", source = { registry = "https://pypi.org/simple" }, marker = "python_full_version < '3.12'" },
    { name = "django", version = "6.0.4", source = { registry = "https://pypi.org/simple" }, marker = "python_full_version >= '3.12'" },
]
sdist = { url = "https://files.pythonhosted.org/packages/ca/d7/c016e69fac19ff8afdc89db9d31d9ae43ae031e4d1993b20aca179b8301a/djangorestframework-3.17.1.tar.gz", hash = "sha256:a6def5f447fe78ff853bff1d47a3c59bf38f5434b031780b351b0c73a62db1a5", size = 905742, upload-time = "2026-03-24T16:58:33.705Z" }
wheels = [
    { url = "https://files.pythonhosted.org/packages/5a/e1/2c516bdc83652b1a60c6119366ac2c0607b479ed05cd6093f916ca8928f8/djangorestframework-3.17.1-py3-none-any.whl", hash = "sha256:c3c74dd3e83a5a3efc37b3c18d92bd6f86a6791c7b7d4dff62bb068500e76457", size = 898844, upload-time = "2026-03-24T16:58:31.845Z" },
]

[[package]]
name = "gunicorn"
version = "25.3.0"
source = { registry = "https://pypi.org/simple" }
dependencies = [
    { name = "packaging" },
]
sdist = { url = "https://files.pythonhosted.org/packages/c4/f4/e78fa054248fab913e2eab0332c6c2cb07421fca1ce56d8fe43b6aef57a4/gunicorn-25.3.0.tar.gz", hash = "sha256:f74e1b2f9f76f6cd1ca01198968bd2dd65830edc24b6e8e4d78de8320e2fe889", size = 634883, upload-time = "2026-03-27T00:00:26.092Z" }
wheels = [
    { url = "https://files.pythonhosted.org/packages/43/c8/8aaf447698c4d59aa853fd318eed300b5c9e44459f242ab8ead6c9c09792/gunicorn-25.3.0-py3-none-any.whl", hash = "sha256:cacea387dab08cd6776501621c295a904fe8e3b7aae9a1a3cbb26f4e7ed54660", size = 208403, upload-time = "2026-03-27T00:00:27.386Z" },
]

[[package]]
name = "kombu"
version = "5.6.2"
source = { registry = "https://pypi.org/simple" }
dependencies = [
    { name = "amqp" },
    { name = "packaging" },
    { name = "tzdata" },
    { name = "vine" },
]
sdist = { url = "https://files.pythonhosted.org/packages/b6/a5/607e533ed6c83ae1a696969b8e1c137dfebd5759a2e9682e26ff1b97740b/kombu-5.6.2.tar.gz", hash = "sha256:8060497058066c6f5aed7c26d7cd0d3b574990b09de842a8c5aaed0b92cc5a55", size = 472594, upload-time = "2025-12-29T20:30:07.779Z" }
wheels = [
    { url = "https://files.pythonhosted.org/packages/fb/0f/834427d8c03ff1d7e867d3db3d176470c64871753252b21b4f4897d1fa45/kombu-5.6.2-py3-none-any.whl", hash = "sha256:efcfc559da324d41d61ca311b0c64965ea35b4c55cc04ee36e55386145dace93", size = 214219, upload-time = "2025-12-29T20:30:05.74Z" },
]

[[package]]
name = "packaging"
version = "26.2"
source = { registry = "https://pypi.org/simple" }
sdist = { url = "https://files.pythonhosted.org/packages/d7/f1/e7a6dd94a8d4a5626c03e4e99c87f241ba9e350cd9e6d75123f992427270/packaging-26.2.tar.gz", hash = "sha256:ff452ff5a3e828ce110190feff1178bb1f2ea2281fa2075aadb987c2fb221661", size = 228134, upload-time = "2026-04-24T20:15:23.917Z" }
wheels = [
    { url = "https://files.pythonhosted.org/packages/df/b2/87e62e8c3e2f4b32e5fe99e0b86d576da1312593b39f47d8ceef365e95ed/packaging-26.2-py3-none-any.whl", hash = "sha256:5fc45236b9446107ff2415ce77c807cee2862cb6fac22b8a73826d0693b0980e", size = 100195, upload-time = "2026-04-24T20:15:22.081Z" },
]

[[package]]
name = "prompt-toolkit"
version = "3.0.52"
source = { registry = "https://pypi.org/simple" }
dependencies = [
    { name = "wcwidth" },
]
sdist = { url = "https://files.pythonhosted.org/packages/a1/96/06e01a7b38dce6fe1db213e061a4602dd6032a8a97ef6c1a862537732421/prompt_toolkit-3.0.52.tar.gz", hash = "sha256:28cde192929c8e7321de85de1ddbe736f1375148b02f2e17edd840042b1be855", size = 434198, upload-time = "2025-08-27T15:24:02.057Z" }
wheels = [
    { url = "https://files.pythonhosted.org/packages/84/03/0d3ce49e2505ae70cf43bc5bb3033955d2fc9f932163e84dc0779cc47f48/prompt_toolkit-3.0.52-py3-none-any.whl", hash = "sha256:9aac639a3bbd33284347de5ad8d68ecc044b91a762dc39b7c21095fcd6a19955", size = 391431, upload-time = "2025-08-27T15:23:59.498Z" },
]

[[package]]
name = "psycopg2-binary"
version = "2.9.12"
source = { registry = "https://pypi.org/simple" }
sdist = { url = "https://files.pythonhosted.org/packages/2a/60/a3624f79acea344c16fbef3a94d28b89a8042ddfb8f3e4ca83f538671409/psycopg2_binary-2.9.12.tar.gz", hash = "sha256:5ac9444edc768c02a6b6a591f070b8aae28ff3a99be57560ac996001580f294c", size = 379686, upload-time = "2026-04-21T09:40:34.304Z" }
wheels = [
    { url = "https://files.pythonhosted.org/packages/d5/19/d4ce60954f3bb9d8e3bc5e5c4d1f2487de2d3851bf2391d54954c9df12a6/psycopg2_binary-2.9.12-cp311-cp311-macosx_10_9_x86_64.whl", hash = "sha256:5c8ce6c61bd1b1f6b9c24ee32211599f6166af2c55abb19456090a21fd16554b", size = 3712338, upload-time = "2026-04-20T23:34:03.961Z" },
    { url = "https://files.pythonhosted.org/packages/53/71/c85409ee0d78890f0660eff262e815e7dd2bb741a17611d82e9e8cd9dc5e/psycopg2_binary-2.9.12-cp311-cp311-macosx_11_0_arm64.whl", hash = "sha256:b4a9eaa6e7f4ff91bec10aa3fb296878e75187bced5cc4bafe17dc40915e1326", size = 3822407, upload-time = "2026-04-20T23:34:05.977Z" },
    { url = "https://files.pythonhosted.org/packages/3c/ed/60486c2c7f0d4d1ede2bfb1ed27e2498477ce646bc7f6b2759906303117e/psycopg2_binary-2.9.12-cp311-cp311-manylinux2014_ppc64le.manylinux_2_17_ppc64le.whl", hash = "sha256:c6528cefc8e50fcc6f4a107e27a672058b36cc5736d665476aeb413ba88dbb06", size = 4578425, upload-time = "2026-04-20T23:34:08.246Z" },
    { url = "https://files.pythonhosted.org/packages/0b/b9/656cb03fad9f4f49f2145c334b1126ee75189929ca4e6187d485a2d59951/psycopg2_binary-2.9.12-cp311-cp311-manylinux2014_x86_64.manylinux_2_17_x86_64.whl", hash = "sha256:e4e184b1fb6072bf05388aa41c697e1b2d01b3473f107e7ec44f186a32cfd0b8", size = 4273709, upload-time = "2026-04-20T23:34:10.974Z" },
    { url = "https://files.pythonhosted.org/packages/99/66/08cf0da0e25cc6fb142c89be45fc8418792858f0c4cbff5e24530ff02cd6/psycopg2_binary-2.9.12-cp311-cp311-manylinux_2_27_aarch64.manylinux_2_28_aarch64.whl", hash = "sha256:4766ab678563054d3f1d064a4db19cc4b5f9e3a8d9018592a8285cf200c248f3", size = 5893779, upload-time = "2026-04-20T23:34:13.905Z" },
    { url = "https://files.pythonhosted.org/packages/17/d7/eecd9ce8e146d3721115d82d3836efdbb712187e4590325df549989d18f4/psycopg2_binary-2.9.12-cp311-cp311-manylinux_2_38_riscv64.manylinux_2_39_riscv64.whl", hash = "sha256:5a0253224780c978746cb9be55a946bcdaf40fe3519c0f622924cdabdafe2c39", size = 4109308, upload-time = "2026-04-20T23:34:16.761Z" },
    { url = "https://files.pythonhosted.org/packages/b6/2e/b1dc289b362cc8d45697b57eefbd673186f49a4ea0906928988e3affcc98/psycopg2_binary-2.9.12-cp311-cp311-musllinux_1_2_aarch64.whl", hash = "sha256:0dc9228d47c46bda253d2ecd6bb93b56a9f2d7ad33b684a1fa3622bf74ffe30c", size = 3654405, upload-time = "2026-04-20T23:34:19.303Z" },
    { url = "https://files.pythonhosted.org/packages/eb/e4/4c4aea6473214dbdbd0fbba11aa4691e76dc01722c55724c5951719865ff/psycopg2_binary-2.9.12-cp311-cp311-musllinux_1_2_ppc64le.whl", hash = "sha256:f921f3cd87035ef7df233383011d7a53ea1d346224752c1385f1edfd790ceb6a", size = 3299187, upload-time = "2026-04-20T23:34:21.206Z" },
    { url = "https://files.pythonhosted.org/packages/ba/5d/b03b99986446a4f57b170ed9a2579fb7ff9783ca0fa5226b19db99737fee/psycopg2_binary-2.9.12-cp311-cp311-musllinux_1_2_riscv64.whl", hash = "sha256:3d999bd982a723113c1a45b55a7a6a90d64d0ed2278020ed625c490ff7bef96c", size = 3047716, upload-time = "2026-04-20T23:34:23.077Z" },
    { url = "https://files.pythonhosted.org/packages/14/86/382ee4afbd1d97500c9d2862b20c2fdeddf4b7335e984df3fb4309f64108/psycopg2_binary-2.9.12-cp311-cp311-musllinux_1_2_x86_64.whl", hash = "sha256:29d4d134bd0ab46ffb04e94aa3c5fa3ef582e9026609165e2f758ff76fc3a3be", size = 3349237, upload-time = "2026-04-20T23:34:25.211Z" },
    { url = "https://files.pythonhosted.org/packages/a8/16/9a57c75ba1eda7165c017342f526810d5f5a12647dde749c99ae9a7141d7/psycopg2_binary-2.9.12-cp311-cp311-win_amd64.whl", hash = "sha256:cb4a1dacdd48077150dc762a9e5ddbf32c256d66cb46f80839391aa458774936", size = 2757036, upload-time = "2026-04-20T23:34:27.77Z" },
    { url = "https://files.pythonhosted.org/packages/e2/9f/ef4ef3c8e15083df90ca35265cfd1a081a2f0cc07bb229c6314c6af817f4/psycopg2_binary-2.9.12-cp312-cp312-macosx_10_13_x86_64.whl", hash = "sha256:5cdc05117180c5fa9c40eea8ea559ce64d73824c39d928b7da9fb5f6a9392433", size = 3712459, upload-time = "2026-04-20T23:34:30.549Z" },
    { url = "https://files.pythonhosted.org/packages/b5/01/3dd14e46ba48c1e1a6ec58ee599fa1b5efa00c246d5046cd903d0eeb1af1/psycopg2_binary-2.9.12-cp312-cp312-macosx_11_0_arm64.whl", hash = "sha256:d3227a3bc228c10d21011a99245edca923e4e8bf461857e869a507d9a41fe9f6", size = 3822936, upload-time = "2026-04-20T23:34:32.77Z" },
    { url = "https://files.pythonhosted.org/packages/a6/f7/0640e4901119d8a9f7a1784b927f494e2198e213ceb593753d1f2c8b1b30/psycopg2_binary-2.9.12-cp312-cp312-manylinux2014_ppc64le.manylinux_2_17_ppc64le.whl", hash = "sha256:995ce929eede89db6254b50827e2b7fd61e50d11f0b116b29fffe4a2e53c4580", size = 4578676, upload-time = "2026-04-20T23:34:35.18Z" },
    { url = "https://files.pythonhosted.org/packages/b0/55/44df3965b5f297c50cc0b1b594a31c67d6127a9d133045b8a66611b14dfb/psycopg2_binary-2.9.12-cp312-cp312-manylinux2014_x86_64.manylinux_2_17_x86_64.whl", hash = "sha256:9fe06d93e72f1c048e731a2e3e7854a5bfaa58fc736068df90b352cefe66f03f", size = 4274917, upload-time = "2026-04-20T23:34:37.982Z" },
    { url = "https://files.pythonhosted.org/packages/b0/4b/74535248b1eac0c9336862e8617c765ac94dac76f9e25d7c4a79588c8907/psycopg2_binary-2.9.12-cp312-cp312-manylinux_2_27_aarch64.manylinux_2_28_aarch64.whl", hash = "sha256:40e7b28b63aaf737cb3a1edc3a9bbc9a9f4ad3dcb7152e8c1130e4050eddcb7d", size = 5894843, upload-time = "2026-04-20T23:34:40.856Z" },
    { url = "https://files.pythonhosted.org/packages/f2/ba/f1bf8d2ae71868ad800b661099086ee52bc0f8d9f05be1acd8ebb06757cc/psycopg2_binary-2.9.12-cp312-cp312-manylinux_2_38_riscv64.manylinux_2_39_riscv64.whl", hash = "sha256:89d19a9f7899e8eb0656a2b3a08e0da04c720a06db6e0033eab5928aabe60fa9", size = 4110556, upload-time = "2026-04-20T23:34:44.016Z" },
    { url = "https://files.pythonhosted.org/packages/45/46/c15706c338403b7c420bcc0c2905aad116cc064545686d8bf85f1999ea00/psycopg2_binary-2.9.12-cp312-cp312-musllinux_1_2_aarch64.whl", hash = "sha256:612b965daee295ae2da8f8218ce1d274645dc76ef3f1abf6a0a94fd57eff876d", size = 3655714, upload-time = "2026-04-20T23:34:46.233Z" },
    { url = "https://files.pythonhosted.org/packages/b3/7c/a2d5dc09b64a4564db242a0fe418fde7d33f6f8259dd2c5b9d7def00fb5a/psycopg2_binary-2.9.12-cp312-cp312-musllinux_1_2_ppc64le.whl", hash = "sha256:b9a339b79d37c1b45f3235265f07cdeb0cb5ad7acd2ac7720a5920989c17c24e", size = 3301154, upload-time = "2026-04-20T23:34:49.528Z" },
    { url = "https://files.pythonhosted.org/packages/c0/e8/cc8c9a4ce71461f9ec548d38cadc41dc184b34c73e6455450775a9334ccd/psycopg2_binary-2.9.12-cp312-cp312-musllinux_1_2_riscv64.whl", hash = "sha256:3471336e1acfd9c7fe507b8bad5af9317b6a89294f9eb37bd9a030bb7bebcdc6", size = 3048882, upload-time = "2026-04-20T23:34:51.86Z" },
    { url = "https://files.pythonhosted.org/packages/19/6a/31e2296bc0787c5ab75d3d118e40b239db8151b5192b90b77c72bc9256e9/psycopg2_binary-2.9.12-cp312-cp312-musllinux_1_2_x86_64.whl", hash = "sha256:7af18183109e23502c8b2ae7f6926c0882766f35b5175a4cd737ad825e4d7a1b", size = 3351298, upload-time = "2026-04-20T23:34:54.124Z" },
    { url = "https://files.pythonhosted.org/packages/5f/a8/75f4e3e11203b590150abed2cf7794b9c9c9f7eceddae955191138b44dde/psycopg2_binary-2.9.12-cp312-cp312-win_amd64.whl", hash = "sha256:398fcd4db988c7d7d3713e2b8e18939776fd3fb447052daae4f24fa39daede4c", size = 2757230, upload-time = "2026-04-20T23:34:56.242Z" },
    { url = "https://files.pythonhosted.org/packages/91/bb/4608c96f970f6e0c56572e87027ef4404f709382a3503e9934526d7ba051/psycopg2_binary-2.9.12-cp313-cp313-macosx_10_13_x86_64.whl", hash = "sha256:7c729a73c7b1b84de3582f73cdd27d905121dc2c531f3d9a3c32a3011033b965", size = 3712419, upload-time = "2026-04-20T23:34:58.754Z" },
    { url = "https://files.pythonhosted.org/packages/5e/af/48f76af9d50d61cf390f8cd657b503168b089e2e9298e48465d029fcc713/psycopg2_binary-2.9.12-cp313-cp313-macosx_11_0_arm64.whl", hash = "sha256:4413d0caef93c5cf50b96863df4c2efe8c269bf2267df353225595e7e15e8df7", size = 3822990, upload-time = "2026-04-20T23:35:00.821Z" },
    { url = "https://files.pythonhosted.org/packages/7a/df/aba0f99397cd811d32e06fc0cc781f1f3ce98bc0e729cb423925085d781a/psycopg2_binary-2.9.12-cp313-cp313-manylinux2014_ppc64le.manylinux_2_17_ppc64le.whl", hash = "sha256:4dfcf8e45ebb0c663be34a3442f65e17311f3367089cd4e5e3a3e8e62c978777", size = 4578696, upload-time = "2026-04-20T23:35:03.409Z" },
    { url = "https://files.pythonhosted.org/packages/95/9c/eaa74021ac4e4d5c2f83d82fc6615a63f4fe6c94dc4e94c3990427053f67/psycopg2_binary-2.9.12-cp313-cp313-manylinux2014_x86_64.manylinux_2_17_x86_64.whl", hash = "sha256:c41321a14dd74aceb6a9a643b9253a334521babfa763fa873e33d89cfa122fb5", size = 4274982, upload-time = "2026-04-20T23:35:05.583Z" },
    { url = "https://files.pythonhosted.org/packages/35/ed/c25deff98bd26187ba48b3b250a3ffc3037c46c5b89362534a15d200e0db/psycopg2_binary-2.9.12-cp313-cp313-manylinux_2_27_aarch64.manylinux_2_28_aarch64.whl", hash = "sha256:83946ba43979ebfdc99a3cd0ee775c89f221df026984ba19d46133d8d75d3cd9", size = 5894867, upload-time = "2026-04-20T23:35:07.902Z" },
    { url = "https://files.pythonhosted.org/packages/9a/81/8d0e21ca77373c6c9589e5c4528f6e8f0c08c62cafc76fb0bddb7a2cee22/psycopg2_binary-2.9.12-cp313-cp313-manylinux_2_38_riscv64.manylinux_2_39_riscv64.whl", hash = "sha256:411e85815652d13560fbe731878daa5d92378c4995a22302071890ec3397d019", size = 4110578, upload-time = "2026-04-20T23:35:10.149Z" },
    { url = "https://files.pythonhosted.org/packages/00/fc/f481e2435bd8f742d0123309174aae4165160ad3ef17c1b99c3622c241d2/psycopg2_binary-2.9.12-cp313-cp313-musllinux_1_2_aarch64.whl", hash = "sha256:1c8ad4c08e00f7679559eaed7aff1edfffc60c086b976f93972f686384a95e2c", size = 3655816, upload-time = "2026-04-20T23:35:12.56Z" },
    { url = "https://files.pythonhosted.org/packages/53/79/b9f46466bdbe9f239c96cde8be33c1aace4842f06013b47b730dc9759187/psycopg2_binary-2.9.12-cp313-cp313-musllinux_1_2_ppc64le.whl", hash = "sha256:00814e40fa23c2b37ef0a1e3c749d89982c73a9cb5046137f0752a22d432e82f", size = 3301307, upload-time = "2026-04-20T23:35:15.029Z" },
    { url = "https://files.pythonhosted.org/packages/3f/19/7dc003b32fe35024df89b658104f7c8538a8b2dcbde7a4e746ce929742e7/psycopg2_binary-2.9.12-cp313-cp313-musllinux_1_2_riscv64.whl", hash = "sha256:98062447aebc20ed20add1f547a364fd0ef8933640d5372ff1873f8deb9b61be", size = 3048968, upload-time = "2026-04-20T23:35:16.757Z" },
    { url = "https://files.pythonhosted.org/packages/91/58/2dbd7db5c604d45f4950d988506aae672a14126ec22998ced5021cbb76bb/psycopg2_binary-2.9.12-cp313-cp313-musllinux_1_2_x86_64.whl", hash = "sha256:66a7685d7e548f10fb4ce32fb01a7b7f4aa702134de92a292c7bd9e0d3dbd290", size = 3351369, upload-time = "2026-04-20T23:35:18.933Z" },
    { url = "https://files.pythonhosted.org/packages/42/ee/dee8dcaad07f735824de3d6563bc67119fa6c28257b17977a8d624f02fab/psycopg2_binary-2.9.12-cp313-cp313-win_amd64.whl", hash = "sha256:b6937f5fe4e180aeee87de907a2fa982ded6f7f15d7218f78a083e4e1d68f2a0", size = 2757347, upload-time = "2026-04-20T23:35:21.283Z" },
    { url = "https://files.pythonhosted.org/packages/13/1b/708c0dca874acfad6d65314271859899a79007686f3a1f74e82a2ed4b645/psycopg2_binary-2.9.12-cp314-cp314-macosx_10_15_x86_64.whl", hash = "sha256:6f3b3de8a74ef8db215f22edffb19e32dc6fa41340456de7ec99efdc8a7b3ec2", size = 3712428, upload-time = "2026-04-20T23:35:23.453Z" },
    { url = "https://files.pythonhosted.org/packages/d6/39/ddbea9d4b4de6aca9431b6ed253f530f8a02d3b8f9bcfd0dbfe2b3de6fe4/psycopg2_binary-2.9.12-cp314-cp314-macosx_11_0_arm64.whl", hash = "sha256:1006fb62f0f0bc5ce256a832356c6262e91be43f5e4eb15b5eaf38079464caf2", size = 3823184, upload-time = "2026-04-20T23:35:25.92Z" },
    { url = "https://files.pythonhosted.org/packages/bf/a0/bc2fef74b106fa345567122a0659e6d94512ed7dc0131ec44c9e5aba3725/psycopg2_binary-2.9.12-cp314-cp314-manylinux2014_ppc64le.manylinux_2_17_ppc64le.whl", hash = "sha256:840066105706cd2eb29b9a1c2329620056582a4bf3e8169dec5c447042d0869f", size = 4579157, upload-time = "2026-04-20T23:35:28.542Z" },
    { url = "https://files.pythonhosted.org/packages/57/d7/d4e3b2005d3de607ca4fbb0e8742e248056e52184a6b94ebda3c1c2c329b/psycopg2_binary-2.9.12-cp314-cp314-manylinux2014_x86_64.manylinux_2_17_x86_64.whl", hash = "sha256:863f5d12241ebe1c76a72a04c2113b6dc905f90b9cef0e9be0efd994affd9354", size = 4274970, upload-time = "2026-04-20T23:35:30.418Z" },
    { url = "https://files.pythonhosted.org/packages/2e/42/c9853f8db3967fe08bcde11f53d53b85d351750cae726ce001cb68afa9c1/psycopg2_binary-2.9.12-cp314-cp314-manylinux_2_27_aarch64.manylinux_2_28_aarch64.whl", hash = "sha256:a99eaab34a9010f1a086b126de467466620a750634d114d20455f3a824aae033", size = 5895175, upload-time = "2026-04-20T23:35:33.584Z" },
    { url = "https://files.pythonhosted.org/packages/eb/fd/b82b5601a97630308bef079f545ffec481bbbc795c2ba5ec416a01d03f60/psycopg2_binary-2.9.12-cp314-cp314-manylinux_2_38_riscv64.manylinux_2_39_riscv64.whl", hash = "sha256:ffdd7dc5463ccd61845ac37b7012d0f35a1548df9febe14f8dd549be4a0bc81e", size = 4110658, upload-time = "2026-04-20T23:35:35.638Z" },
    { url = "https://files.pythonhosted.org/packages/62/8c/32ca69b0389ef25dd22937bf9e8fbe2ce27aea20b05ded48c4ce4cb42475/psycopg2_binary-2.9.12-cp314-cp314-musllinux_1_2_aarch64.whl", hash = "sha256:54a0dfecab1b48731f934e06139dfe11e24219fb6d0ceb32177cf0375f14c7b5", size = 3656251, upload-time = "2026-04-20T23:35:37.854Z" },
    { url = "https://files.pythonhosted.org/packages/c4/29/96992a2b59e3b9d730fcf9612d0a387305025dc867a9fc490a9e496e074e/psycopg2_binary-2.9.12-cp314-cp314-musllinux_1_2_ppc64le.whl", hash = "sha256:96937c9c5d891f772430f418a7a8b4691a90c3e6b93cf72b5bd7cad8cbca32a5", size = 3301810, upload-time = "2026-04-20T23:35:39.927Z" },
    { url = "https://files.pythonhosted.org/packages/56/ad/44b06659949b243ae10112cd3b20a197f9bf3e81d5651379b9eb889bfaad/psycopg2_binary-2.9.12-cp314-cp314-musllinux_1_2_riscv64.whl", hash = "sha256:77b348775efd4cdab410ec6609d81ccecd1139c90265fa583a7255c8064bc03d", size = 3048977, upload-time = "2026-04-20T23:35:41.806Z" },
    { url = "https://files.pythonhosted.org/packages/1d/f2/10a1bcebadb6aa55e280e1f58975c36a7b560ea525184c7aa4064c466633/psycopg2_binary-2.9.12-cp314-cp314-musllinux_1_2_x86_64.whl", hash = "sha256:527e6342b3e44c2f0544f6b8e927d60de7f163f5723b8f1dfa7d2a84298738cd", size = 3351466, upload-time = "2026-04-20T23:35:43.993Z" },
    { url = "https://files.pythonhosted.org/packages/20/be/b732c8418ffa5bcfda002890f5dc4c869fc17db66ff11f53b17cfe44afc0/psycopg2_binary-2.9.12-cp314-cp314-win_amd64.whl", hash = "sha256:f12ae41fcafadb39b2785e64a40f9db05d6de2ac114077457e0e7c597f3af980", size = 2848762, upload-time = "2026-04-20T23:35:46.421Z" },
]

[[package]]
name = "python-dateutil"
version = "2.9.0.post0"
source = { registry = "https://pypi.org/simple" }
dependencies = [
    { name = "six" },
]
sdist = { url = "https://files.pythonhosted.org/packages/66/c0/0c8b6ad9f17a802ee498c46e004a0eb49bc148f2fd230864601a86dcf6db/python-dateutil-2.9.0.post0.tar.gz", hash = "sha256:37dd54208da7e1cd875388217d5e00ebd4179249f90fb72437e91a35459a0ad3", size = 342432, upload-time = "2024-03-01T18:36:20.211Z" }
wheels = [
    { url = "https://files.pythonhosted.org/packages/ec/57/56b9bcc3c9c6a792fcbaf139543cee77261f3651ca9da0c93f5c1221264b/python_dateutil-2.9.0.post0-py2.py3-none-any.whl", hash = "sha256:a8b2bc7bffae282281c8140a97d3aa9c14da0b136dfe83f850eea9a5f7470427", size = 229892, upload-time = "2024-03-01T18:36:18.57Z" },
]

[[package]]
name = "python-decouple"
version = "3.8"
source = { registry = "https://pypi.org/simple" }
sdist = { url = "https://files.pythonhosted.org/packages/e1/97/373dcd5844ec0ea5893e13c39a2c67e7537987ad8de3842fe078db4582fa/python-decouple-3.8.tar.gz", hash = "sha256:ba6e2657d4f376ecc46f77a3a615e058d93ba5e465c01bbe57289bfb7cce680f", size = 9612, upload-time = "2023-03-01T19:38:38.143Z" }
wheels = [
    { url = "https://files.pythonhosted.org/packages/a2/d4/9193206c4563ec771faf2ccf54815ca7918529fe81f6adb22ee6d0e06622/python_decouple-3.8-py3-none-any.whl", hash = "sha256:d0d45340815b25f4de59c974b855bb38d03151d81b037d9e3f463b0c9f8cbd66", size = 9947, upload-time = "2023-03-01T19:38:36.015Z" },
]

[[package]]
name = "redis"
version = "7.4.0"
source = { registry = "https://pypi.org/simple" }
dependencies = [
    { name = "async-timeout", marker = "python_full_version < '3.11.3'" },
]
sdist = { url = "https://files.pythonhosted.org/packages/7b/7f/3759b1d0d72b7c92f0d70ffd9dc962b7b7b5ee74e135f9d7d8ab06b8a318/redis-7.4.0.tar.gz", hash = "sha256:64a6ea7bf567ad43c964d2c30d82853f8df927c5c9017766c55a1d1ed95d18ad", size = 4943913, upload-time = "2026-03-24T09:14:37.53Z" }
wheels = [
    { url = "https://files.pythonhosted.org/packages/74/3a/95deec7db1eb53979973ebd156f3369a72732208d1391cd2e5d127062a32/redis-7.4.0-py3-none-any.whl", hash = "sha256:a9c74a5c893a5ef8455a5adb793a31bb70feb821c86eccb62eebef5a19c429ec", size = 409772, upload-time = "2026-03-24T09:14:35.968Z" },
]

[[package]]
name = "six"
version = "1.17.0"
source = { registry = "https://pypi.org/simple" }
sdist = { url = "https://files.pythonhosted.org/packages/94/e7/b2c673351809dca68a0e064b6af791aa332cf192da575fd474ed7d6f16a2/six-1.17.0.tar.gz", hash = "sha256:ff70335d468e7eb6ec65b95b99d3a2836546063f63acc5171de367e834932a81", size = 34031, upload-time = "2024-12-04T17:35:28.174Z" }
wheels = [
    { url = "https://files.pythonhosted.org/packages/b7/ce/149a00dd41f10bc29e5921b496af8b574d8413afcd5e30dfa0ed46c2cc5e/six-1.17.0-py2.py3-none-any.whl", hash = "sha256:4721f391ed90541fddacab5acf947aa0d3dc7d27b2e1e8eda2be8970586c3274", size = 11050, upload-time = "2024-12-04T17:35:26.475Z" },
]

[[package]]
name = "sqlparse"
version = "0.5.5"
source = { registry = "https://pypi.org/simple" }
sdist = { url = "https://files.pythonhosted.org/packages/90/76/437d71068094df0726366574cf3432a4ed754217b436eb7429415cf2d480/sqlparse-0.5.5.tar.gz", hash = "sha256:e20d4a9b0b8585fdf63b10d30066c7c94c5d7a7ec47c889a2d83a3caa93ff28e", size = 120815, upload-time = "2025-12-19T07:17:45.073Z" }
wheels = [
    { url = "https://files.pythonhosted.org/packages/49/4b/359f28a903c13438ef59ebeee215fb25da53066db67b305c125f1c6d2a25/sqlparse-0.5.5-py3-none-any.whl", hash = "sha256:12a08b3bf3eec877c519589833aed092e2444e68240a3577e8e26148acc7b1ba", size = 46138, upload-time = "2025-12-19T07:17:46.573Z" },
]

[[package]]
name = "tzdata"
version = "2026.2"
source = { registry = "https://pypi.org/simple" }
sdist = { url = "https://files.pythonhosted.org/packages/ba/19/1b9b0e29f30c6d35cb345486df41110984ea67ae69dddbc0e8a100999493/tzdata-2026.2.tar.gz", hash = "sha256:9173fde7d80d9018e02a662e168e5a2d04f87c41ea174b139fbef642eda62d10", size = 198254, upload-time = "2026-04-24T15:22:08.651Z" }
wheels = [
    { url = "https://files.pythonhosted.org/packages/ce/e4/dccd7f47c4b64213ac01ef921a1337ee6e30e8c6466046018326977efd95/tzdata-2026.2-py2.py3-none-any.whl", hash = "sha256:bbe9af844f658da81a5f95019480da3a89415801f6cc966806612cc7169bffe7", size = 349321, upload-time = "2026-04-24T15:22:05.876Z" },
]

[[package]]
name = "tzlocal"
version = "5.3.1"
source = { registry = "https://pypi.org/simple" }
dependencies = [
    { name = "tzdata", marker = "sys_platform == 'win32'" },
]
sdist = { url = "https://files.pythonhosted.org/packages/8b/2e/c14812d3d4d9cd1773c6be938f89e5735a1f11a9f184ac3639b93cef35d5/tzlocal-5.3.1.tar.gz", hash = "sha256:cceffc7edecefea1f595541dbd6e990cb1ea3d19bf01b2809f362a03dd7921fd", size = 30761, upload-time = "2025-03-05T21:17:41.549Z" }
wheels = [
    { url = "https://files.pythonhosted.org/packages/c2/14/e2a54fabd4f08cd7af1c07030603c3356b74da07f7cc056e600436edfa17/tzlocal-5.3.1-py3-none-any.whl", hash = "sha256:eb1a66c3ef5847adf7a834f1be0800581b683b5608e74f86ecbcef8ab91bb85d", size = 18026, upload-time = "2025-03-05T21:17:39.857Z" },
]

[[package]]
name = "vine"
version = "5.1.0"
source = { registry = "https://pypi.org/simple" }
sdist = { url = "https://files.pythonhosted.org/packages/bd/e4/d07b5f29d283596b9727dd5275ccbceb63c44a1a82aa9e4bfd20426762ac/vine-5.1.0.tar.gz", hash = "sha256:8b62e981d35c41049211cf62a0a1242d8c1ee9bd15bb196ce38aefd6799e61e0", size = 48980, upload-time = "2023-11-05T08:46:53.857Z" }
wheels = [
    { url = "https://files.pythonhosted.org/packages/03/ff/7c0c86c43b3cbb927e0ccc0255cb4057ceba4799cd44ae95174ce8e8b5b2/vine-5.1.0-py3-none-any.whl", hash = "sha256:40fdf3c48b2cfe1c38a49e9ae2da6fda88e4794c810050a728bd7413811fb1dc", size = 9636, upload-time = "2023-11-05T08:46:51.205Z" },
]

[[package]]
name = "wcwidth"
version = "0.6.0"
source = { registry = "https://pypi.org/simple" }
sdist = { url = "https://files.pythonhosted.org/packages/35/a2/8e3becb46433538a38726c948d3399905a4c7cabd0df578ede5dc51f0ec2/wcwidth-0.6.0.tar.gz", hash = "sha256:cdc4e4262d6ef9a1a57e018384cbeb1208d8abbc64176027e2c2455c81313159", size = 159684, upload-time = "2026-02-06T19:19:40.919Z" }
wheels = [
    { url = "https://files.pythonhosted.org/packages/68/5a/199c59e0a824a3db2b89c5d2dade7ab5f9624dbf6448dc291b46d5ec94d3/wcwidth-0.6.0-py3-none-any.whl", hash = "sha256:1a3a1e510b553315f8e146c54764f4fb6264ffad731b3d78088cdb1478ffbdad", size = 94189, upload-time = "2026-02-06T19:19:39.646Z" },
]

[[package]]
name = "whitenoise"
version = "6.12.0"
source = { registry = "https://pypi.org/simple" }
sdist = { url = "https://files.pythonhosted.org/packages/cb/2a/55b3f3a4ec326cd077c1c3defeee656b9298372a69229134d930151acd01/whitenoise-6.12.0.tar.gz", hash = "sha256:f723ebb76a112e98816ff80fcea0a6c9b8ecde835f8ddda25df7a30a3c2db6ad", size = 26841, upload-time = "2026-02-27T00:05:42.028Z" }
wheels = [
    { url = "https://files.pythonhosted.org/packages/db/eb/d5583a11486211f3ebd4b385545ae787f32363d453c19fffd81106c9c138/whitenoise-6.12.0-py3-none-any.whl", hash = "sha256:fc5e8c572e33ebf24795b47b6a7da8da3c00cff2349f5b04c02f28d0cc5a3cc2", size = 20302, upload-time = "2026-02-27T00:05:40.086Z" },
]
